
Microsoft Visual Studio Solution File, Format Version 12.00
# Visual Studio Version 17
VisualStudioVersion = 17.8.34511.84
MinimumVisualStudioVersion = 10.0.40219.1
Project("{FAE04EC0-301F-11D3-BF4B-00C04F79EFBC}") = "Module 12", "Module 12\Module 12.csproj", "{02810B7A-C7C9-406F-BE61-3C8A46756D24}"
EndProject
Global
	GlobalSection(SolutionConfigurationPlatforms) = preSolution
		Debug|Any CPU = Debug|Any CPU
		Release|Any CPU = Release|Any CPU
	EndGlobalSection
	GlobalSection(ProjectConfigurationPlatforms) = postSolution
		{02810B7A-C7C9-406F-BE61-3C8A46756D24}.Debug|Any CPU.ActiveCfg = Debug|Any CPU
		{02810B7A-C7C9-406F-BE61-3C8A46756D24}.Debug|Any CPU.Build.0 = Debug|Any CPU
		{02810B7A-C7C9-406F-BE61-3C8A46756D24}.Release|Any CPU.ActiveCfg = Release|Any CPU
		{02810B7A-C7C9-406F-BE61-3C8A46756D24}.Release|Any CPU.Build.0 = Release|Any CPU
	EndGlobalSection
	GlobalSection(SolutionProperties) = preSolution
		HideSolutionNode = FALSE
	EndGlobalSection
	GlobalSection(ExtensibilityGlobals) = postSolution
		SolutionGuid = {06579A93-7962-4C10-9424-F8C00A8A8203}
	EndGlobalSection
EndGlobal
